
Microsoft Visual Studio Solution File, Format Version 12.00
Project("{FAE04EC0-301F-11D3-BF4B-00C04F79EFBC}") = "ConsumerServiceOne", "ConsumerServiceOne\ConsumerServiceOne.csproj", "{0E4A2100-7F71-40F6-AA1D-23D87D28B4C4}"
EndProject
Project("{FAE04EC0-301F-11D3-BF4B-00C04F79EFBC}") = "ConsumerServiceTwo", "ConsumerServiceTwo\ConsumerServiceTwo.csproj", "{FA88C784-5C7E-4868-9E36-AEE886A1A0BB}"
EndProject
Project("{FAE04EC0-301F-11D3-BF4B-00C04F79EFBC}") = "PublisherService", "PublisherService\PublisherService.csproj", "{D6FFCDB5-1769-4298-B4BA-4C6FEBB9F9A8}"
EndProject
Project("{FAE04EC0-301F-11D3-BF4B-00C04F79EFBC}") = "Lib", "Lib\Lib.csproj", "{0A24A234-1FB4-4699-B786-2D7FA432F897}"
EndProject
Global
	GlobalSection(SolutionConfigurationPlatforms) = preSolution
		Debug|Any CPU = Debug|Any CPU
		Release|Any CPU = Release|Any CPU
	EndGlobalSection
	GlobalSection(ProjectConfigurationPlatforms) = postSolution
		{0E4A2100-7F71-40F6-AA1D-23D87D28B4C4}.Debug|Any CPU.ActiveCfg = Debug|Any CPU
		{0E4A2100-7F71-40F6-AA1D-23D87D28B4C4}.Debug|Any CPU.Build.0 = Debug|Any CPU
		{0E4A2100-7F71-40F6-AA1D-23D87D28B4C4}.Release|Any CPU.ActiveCfg = Release|Any CPU
		{0E4A2100-7F71-40F6-AA1D-23D87D28B4C4}.Release|Any CPU.Build.0 = Release|Any CPU
		{FA88C784-5C7E-4868-9E36-AEE886A1A0BB}.Debug|Any CPU.ActiveCfg = Debug|Any CPU
		{FA88C784-5C7E-4868-9E36-AEE886A1A0BB}.Debug|Any CPU.Build.0 = Debug|Any CPU
		{FA88C784-5C7E-4868-9E36-AEE886A1A0BB}.Release|Any CPU.ActiveCfg = Release|Any CPU
		{FA88C784-5C7E-4868-9E36-AEE886A1A0BB}.Release|Any CPU.Build.0 = Release|Any CPU
		{D6FFCDB5-1769-4298-B4BA-4C6FEBB9F9A8}.Debug|Any CPU.ActiveCfg = Debug|Any CPU
		{D6FFCDB5-1769-4298-B4BA-4C6FEBB9F9A8}.Debug|Any CPU.Build.0 = Debug|Any CPU
		{D6FFCDB5-1769-4298-B4BA-4C6FEBB9F9A8}.Release|Any CPU.ActiveCfg = Release|Any CPU
		{D6FFCDB5-1769-4298-B4BA-4C6FEBB9F9A8}.Release|Any CPU.Build.0 = Release|Any CPU
		{0A24A234-1FB4-4699-B786-2D7FA432F897}.Debug|Any CPU.ActiveCfg = Debug|Any CPU
		{0A24A234-1FB4-4699-B786-2D7FA432F897}.Debug|Any CPU.Build.0 = Debug|Any CPU
		{0A24A234-1FB4-4699-B786-2D7FA432F897}.Release|Any CPU.ActiveCfg = Release|Any CPU
		{0A24A234-1FB4-4699-B786-2D7FA432F897}.Release|Any CPU.Build.0 = Release|Any CPU
	EndGlobalSection
EndGlobal
